{
    "_readme": [
        "This file locks the dependencies of your project to a known state",
        "Read more about it at https://getcomposer.org/doc/01-basic-usage.md#installing-dependencies",
        "This file is @generated automatically"
    ],
    "content-hash": "7eaac9d4e4c09bae278d699325fbc030",
    "packages": [
        {
            "name": "symfony/dotenv",
            "version": "v8.0.8",
            "source": {
                "type": "git",
                "url": "https://github.com/symfony/dotenv.git",
                "reference": "5ba6337f9a86e78e13b1ac11a89f85689b12cf2c"
            },
            "dist": {
                "type": "zip",
                "url": "https://api.github.com/repos/symfony/dotenv/zipball/5ba6337f9a86e78e13b1ac11a89f85689b12cf2c",
                "reference": "5ba6337f9a86e78e13b1ac11a89f85689b12cf2c",
                "shasum": ""
            },
            "require": {
                "php": ">=8.4"
            },
            "require-dev": {
                "symfony/console": "^7.4|^8.0",
                "symfony/process": "^7.4|^8.0"
            },
            "type": "library",
            "autoload": {
                "psr-4": {
                    "Symfony\\Component\\Dotenv\\": ""
                },
                "exclude-from-classmap": [
                    "/Tests/"
                ]
            },
            "notification-url": "https://packagist.org/downloads/",
            "license": [
                "MIT"
            ],
            "authors": [
                {
                    "name": "Fabien Potencier",
                    "email": "fabien@symfony.com"
                },
                {
                    "name": "Symfony Community",
                    "homepage": "https://symfony.com/contributors"
                }
            ],
            "description": "Registers environment variables from a .env file",
            "homepage": "https://symfony.com",
            "keywords": [
                "dotenv",
                "env",
                "environment"
            ],
            "support": {
                "source": "https://github.com/symfony/dotenv/tree/v8.0.8"
            },
            "funding": [
                {
                    "url": "https://symfony.com/sponsor",
                    "type": "custom"
                },
                {
                    "url": "https://github.com/fabpot",
                    "type": "github"
                },
                {
                    "url": "https://github.com/nicolas-grekas",
                    "type": "github"
                },
                {
                    "url": "https://tidelift.com/funding/github/packagist/symfony/symfony",
                    "type": "tidelift"
                }
            ],
            "time": "2026-03-30T15:14:47+00:00"
        },
        {
            "name": "tacman/castor-tools",
            "version": "1.2",
            "source": {
                "type": "git",
                "url": "https://github.com/tacman/castor-tools.git",
                "reference": "99877353069dc75f3d84ad57e556c2e88495bee5"
            },
            "dist": {
                "type": "zip",
                "url": "https://api.github.com/repos/tacman/castor-tools/zipball/99877353069dc75f3d84ad57e556c2e88495bee5",
                "reference": "99877353069dc75f3d84ad57e556c2e88495bee5",
                "shasum": ""
            },
            "require": {
                "ext-curl": "*",
                "symfony/dotenv": "^7.4|^8.0"
            },
            "require-dev": {
                "jolicode/castor": "^v1.1.0",
                "roave/security-advisories": "dev-latest"
            },
            "type": "castor-plugin",
            "autoload": {
                "files": [
                    "src/castor.php"
                ],
                "psr-4": {
                    "Tacman\\CastorTools\\": "src/"
                }
            },
            "notification-url": "https://packagist.org/downloads/",
            "license": [
                "MIT"
            ],
            "authors": [
                {
                    "name": "Tac Tacelosky",
                    "email": "tacman@gmail.com"
                }
            ],
            "description": "Extend castor with some common tools",
            "support": {
                "issues": "https://github.com/tacman/castor-tools/issues",
                "source": "https://github.com/tacman/castor-tools/tree/1.2"
            },
            "time": "2026-03-29T12:23:20+00:00"
        }
    ],
    "packages-dev": [],
    "aliases": [],
    "minimum-stability": "stable",
    "stability-flags": {},
    "prefer-stable": false,
    "prefer-lowest": false,
    "platform": {},
    "platform-dev": {},
    "plugin-api-version": "2.9.0"
}
